
Microsoft Visual Studio Solution File, Format Version 12.00
# Visual Studio 15
VisualStudioVersion = 15.0.27130.2024
MinimumVisualStudioVersion = 10.0.40219.1
Project("{FAE04EC0-301F-11D3-BF4B-00C04F79EFBC}") = "ShiftReduceParser", "ShiftReduceParser\ShiftReduceParser.csproj", "{458CD101-9664-4A4E-AEC3-A7D09F312931}"
EndProject
Project("{FAE04EC0-301F-11D3-BF4B-00C04F79EFBC}") = "GPLEXv1", "GPLEX\GPLEXv1.csproj", "{440C9EA8-409C-4B1D-88B7-A2B5FFF87700}"
EndProject
Project("{FAE04EC0-301F-11D3-BF4B-00C04F79EFBC}") = "GPPG", "GPPG\GPPG.csproj", "{AF1F8BCF-34FC-4A5E-9D45-BCC6031720BC}"
EndProject
Global
	GlobalSection(SolutionConfigurationPlatforms) = preSolution
		Debug|Any CPU = Debug|Any CPU
		Release|Any CPU = Release|Any CPU
	EndGlobalSection
	GlobalSection(ProjectConfigurationPlatforms) = postSolution
		{458CD101-9664-4A4E-AEC3-A7D09F312931}.Debug|Any CPU.ActiveCfg = Debug|Any CPU
		{458CD101-9664-4A4E-AEC3-A7D09F312931}.Debug|Any CPU.Build.0 = Debug|Any CPU
		{458CD101-9664-4A4E-AEC3-A7D09F312931}.Release|Any CPU.ActiveCfg = Release|Any CPU
		{458CD101-9664-4A4E-AEC3-A7D09F312931}.Release|Any CPU.Build.0 = Release|Any CPU
		{440C9EA8-409C-4B1D-88B7-A2B5FFF87700}.Debug|Any CPU.ActiveCfg = Debug|Any CPU
		{440C9EA8-409C-4B1D-88B7-A2B5FFF87700}.Debug|Any CPU.Build.0 = Debug|Any CPU
		{440C9EA8-409C-4B1D-88B7-A2B5FFF87700}.Release|Any CPU.ActiveCfg = Release|Any CPU
		{440C9EA8-409C-4B1D-88B7-A2B5FFF87700}.Release|Any CPU.Build.0 = Release|Any CPU
		{AF1F8BCF-34FC-4A5E-9D45-BCC6031720BC}.Debug|Any CPU.ActiveCfg = Debug|Any CPU
		{AF1F8BCF-34FC-4A5E-9D45-BCC6031720BC}.Debug|Any CPU.Build.0 = Debug|Any CPU
		{AF1F8BCF-34FC-4A5E-9D45-BCC6031720BC}.Release|Any CPU.ActiveCfg = Release|Any CPU
		{AF1F8BCF-34FC-4A5E-9D45-BCC6031720BC}.Release|Any CPU.Build.0 = Release|Any CPU
	EndGlobalSection
	GlobalSection(SolutionProperties) = preSolution
		HideSolutionNode = FALSE
	EndGlobalSection
	GlobalSection(ExtensibilityGlobals) = postSolution
		SolutionGuid = {CD9F1BE5-6546-4BE2-A754-2B3E05AB4EB6}
	EndGlobalSection
EndGlobal
